
Microsoft Visual Studio Solution File, Format Version 12.00
# Visual Studio Version 16
VisualStudioVersion = 16.0.30611.23
MinimumVisualStudioVersion = 10.0.40219.1
Project("{FAE04EC0-301F-11D3-BF4B-00C04F79EFBC}") = "Senai.EfCore.Tarde", "Senai.EfCore.Tarde\Senai.EfCore.Tarde.csproj", "{1F86CB36-F739-4AF6-A11A-8A0A7ADE484A}"
EndProject
Global
	GlobalSection(SolutionConfigurationPlatforms) = preSolution
		Debug|Any CPU = Debug|Any CPU
		Release|Any CPU = Release|Any CPU
	EndGlobalSection
	GlobalSection(ProjectConfigurationPlatforms) = postSolution
		{1F86CB36-F739-4AF6-A11A-8A0A7ADE484A}.Debug|Any CPU.ActiveCfg = Debug|Any CPU
		{1F86CB36-F739-4AF6-A11A-8A0A7ADE484A}.Debug|Any CPU.Build.0 = Debug|Any CPU
		{1F86CB36-F739-4AF6-A11A-8A0A7ADE484A}.Release|Any CPU.ActiveCfg = Release|Any CPU
		{1F86CB36-F739-4AF6-A11A-8A0A7ADE484A}.Release|Any CPU.Build.0 = Release|Any CPU
	EndGlobalSection
	GlobalSection(SolutionProperties) = preSolution
		HideSolutionNode = FALSE
	EndGlobalSection
	GlobalSection(ExtensibilityGlobals) = postSolution
		SolutionGuid = {EF0678C3-2E0C-4BFC-9FA2-33427F432212}
	EndGlobalSection
EndGlobal
